{
  "pins" : [
    {
      "identity" : "linearprogressbar",
      "kind" : "remoteSourceControl",
      "location" : "https://github.com/Recouse/LinearProgressBar.git",
      "state" : {
        "revision" : "252db0b816c8a49b9518c270b225084529a12d34",
        "version" : "1.2.0"
      }
    }
  ],
  "version" : 2
}
